
Microsoft Visual Studio Solution File, Format Version 12.00
# Visual Studio Version 17
VisualStudioVersion = 17.5.33414.496
MinimumVisualStudioVersion = 10.0.40219.1
Project("{9A19103F-16F7-4668-BE54-9A1E7A4F7556}") = "ImageIng.Server", "Server\ImageIng.Server.csproj", "{F1581D81-8074-497B-8B5B-7265526FCF56}"
EndProject
Project("{9A19103F-16F7-4668-BE54-9A1E7A4F7556}") = "ImageIng.Client", "Client\ImageIng.Client.csproj", "{60C3D166-2D66-47FF-A790-A15CEAFD354B}"
EndProject
Project("{9A19103F-16F7-4668-BE54-9A1E7A4F7556}") = "ImageIng.Shared", "Shared\ImageIng.Shared.csproj", "{50F0A062-BFDA-40DA-89B5-0791E0653C66}"
EndProject
Global
	GlobalSection(SolutionConfigurationPlatforms) = preSolution
		Debug|Any CPU = Debug|Any CPU
		Release|Any CPU = Release|Any CPU
	EndGlobalSection
	GlobalSection(ProjectConfigurationPlatforms) = postSolution
		{F1581D81-8074-497B-8B5B-7265526FCF56}.Debug|Any CPU.ActiveCfg = Debug|Any CPU
		{F1581D81-8074-497B-8B5B-7265526FCF56}.Debug|Any CPU.Build.0 = Debug|Any CPU
		{F1581D81-8074-497B-8B5B-7265526FCF56}.Release|Any CPU.ActiveCfg = Release|Any CPU
		{F1581D81-8074-497B-8B5B-7265526FCF56}.Release|Any CPU.Build.0 = Release|Any CPU
		{60C3D166-2D66-47FF-A790-A15CEAFD354B}.Debug|Any CPU.ActiveCfg = Debug|Any CPU
		{60C3D166-2D66-47FF-A790-A15CEAFD354B}.Debug|Any CPU.Build.0 = Debug|Any CPU
		{60C3D166-2D66-47FF-A790-A15CEAFD354B}.Release|Any CPU.ActiveCfg = Release|Any CPU
		{60C3D166-2D66-47FF-A790-A15CEAFD354B}.Release|Any CPU.Build.0 = Release|Any CPU
		{50F0A062-BFDA-40DA-89B5-0791E0653C66}.Debug|Any CPU.ActiveCfg = Debug|Any CPU
		{50F0A062-BFDA-40DA-89B5-0791E0653C66}.Debug|Any CPU.Build.0 = Debug|Any CPU
		{50F0A062-BFDA-40DA-89B5-0791E0653C66}.Release|Any CPU.ActiveCfg = Release|Any CPU
		{50F0A062-BFDA-40DA-89B5-0791E0653C66}.Release|Any CPU.Build.0 = Release|Any CPU
	EndGlobalSection
	GlobalSection(SolutionProperties) = preSolution
		HideSolutionNode = FALSE
	EndGlobalSection
	GlobalSection(ExtensibilityGlobals) = postSolution
		SolutionGuid = {59E55A8F-E4FB-414B-9373-825C95ED39A1}
	EndGlobalSection
EndGlobal
